# Generated by pub
# See http://pub.dartlang.org/doc/glossary.html#lockfile
packages:
  args:
    description:
      name: args
      url: "https://pub.dartlang.org"
    source: hosted
    version: "0.13.7"
  bignum:
    description:
      name: bignum
      url: "https://pub.dartlang.org"
    source: hosted
    version: "0.1.0"
  charcode:
    description:
      name: charcode
      url: "https://pub.dartlang.org"
    source: hosted
    version: "1.1.2"
  cipher:
    description:
      ref: HEAD
      resolved-ref: "2f74f1f01852033175a538d12fafdfb9f6ece77d"
      url: "https://github.com/IOT-DSA/cipher.git"
    source: git
    version: "0.7.2"
  collection:
    description:
      name: collection
      url: "https://pub.dartlang.org"
    source: hosted
    version: "1.9.1"
  convert:
    description:
      name: convert
      url: "https://pub.dartlang.org"
    source: hosted
    version: "2.1.1"
  crypto:
    description:
      name: crypto
      url: "https://pub.dartlang.org"
    source: hosted
    version: "2.0.2+1"
  diff_match_patch:
    description:
      name: diff_match_patch
      url: "https://pub.dartlang.org"
    source: hosted
    version: "0.2.2"
  dslink:
    description:
      ref: HEAD
      resolved-ref: "95a924c343461419d5b56e718f211b1b55d3ff3d"
      url: "https://github.com/IOT-DSA/sdk-dslink-dart.git"
    source: git
    version: "1.0.2"
  fixnum:
    description:
      name: fixnum
      url: "https://pub.dartlang.org"
    source: hosted
    version: "0.10.7"
  json_diff:
    description:
      name: json_diff
      url: "https://pub.dartlang.org"
    source: hosted
    version: "0.1.2"
  logging:
    description:
      name: logging
      url: "https://pub.dartlang.org"
    source: hosted
    version: "0.11.3+2"
  msgpack:
    description:
      ref: HEAD
      resolved-ref: "1c0035a5f2856eb85422cf7d7865e727c38b911f"
      url: "https://github.com/IOT-DSA/msgpack.dart.git"
    source: git
    version: "0.8.0"
  path:
    description:
      name: path
      url: "https://pub.dartlang.org"
    source: hosted
    version: "1.5.1"
  typed_data:
    description:
      name: typed_data
      url: "https://pub.dartlang.org"
    source: hosted
    version: "1.1.5"
sdk: ">=1.17.0 <2.0.0"
